github.com/torbenconto/bible v0.0.1 h1:j+x1sk6MTKeS0r1K3WesR+eOxh4vrFN3TnOMLkLuhwU=
github.com/torbenconto/bible v0.0.1/go.mod h1:oqz4z9Rj/wHSz5cAz3Dp8XWtiL2gb1nTdTf6jpsbKpQ=
github.com/torbenconto/bible v0.0.2 h1:e6J9B91NP59Gi4tcQ8MtqGN7Emj5Qd+OhVczTrU3AtY=
github.com/torbenconto/bible v0.0.2/go.mod h1:oqz4z9Rj/wHSz5cAz3Dp8XWtiL2gb1nTdTf6jpsbKpQ=
github.com/torbenconto/bible v0.0.3 h1:0OE4I+Okt8DXHAp1rfrPQtslwOvLy5K7mLNhReyJ6Po=
github.com/torbenconto/bible v0.0.3/go.mod h1:oqz4z9Rj/wHSz5cAz3Dp8XWtiL2gb1nTdTf6jpsbKpQ=
